
Microsoft Visual Studio Solution File, Format Version 12.00
# Visual Studio 15
VisualStudioVersion = 15.0.28307.489
MinimumVisualStudioVersion = 10.0.40219.1
Project("{00D1A9C2-B5F0-4AF3-8072-F6C62B433612}") = "DatabaseToPublish", "DatabaseToPublish.sqlproj", "{692977CE-0842-4424-B08A-FE676674A66D}"
EndProject
Global
	GlobalSection(SolutionConfigurationPlatforms) = preSolution
		Debug|Any CPU = Debug|Any CPU
		Release|Any CPU = Release|Any CPU
	EndGlobalSection
	GlobalSection(ProjectConfigurationPlatforms) = postSolution
		{692977CE-0842-4424-B08A-FE676674A66D}.Debug|Any CPU.ActiveCfg = Debug|Any CPU
		{692977CE-0842-4424-B08A-FE676674A66D}.Debug|Any CPU.Build.0 = Debug|Any CPU
		{692977CE-0842-4424-B08A-FE676674A66D}.Debug|Any CPU.Deploy.0 = Debug|Any CPU
		{692977CE-0842-4424-B08A-FE676674A66D}.Release|Any CPU.ActiveCfg = Release|Any CPU
		{692977CE-0842-4424-B08A-FE676674A66D}.Release|Any CPU.Build.0 = Release|Any CPU
		{692977CE-0842-4424-B08A-FE676674A66D}.Release|Any CPU.Deploy.0 = Release|Any CPU
	EndGlobalSection
	GlobalSection(SolutionProperties) = preSolution
		HideSolutionNode = FALSE
	EndGlobalSection
	GlobalSection(ExtensibilityGlobals) = postSolution
		SolutionGuid = {764A69E5-0727-40CF-9610-3B18B82484E7}
	EndGlobalSection
EndGlobal
