{
  "requires": true,
  "lockfileVersion": 1,
  "dependencies": {
    "core-js": {
      "version": "3.8.2",
      "resolved": "https://registry.npmjs.org/core-js/-/core-js-3.8.2.tgz",
      "integrity": "sha512-FfApuSRgrR6G5s58casCBd9M2k+4ikuu4wbW6pJyYU7bd9zvFc9qf7vr5xmrZOhT9nn+8uwlH1oRR9jTnFoA3A=="
    }
  }
}
